
Microsoft Visual Studio Solution File, Format Version 12.00
# Visual Studio Version 16
VisualStudioVersion = 16.0.30002.166
MinimumVisualStudioVersion = 10.0.40219.1
Project("{FAE04EC0-301F-11D3-BF4B-00C04F79EFBC}") = "DemoApi", "DemoApi\DemoApi.csproj", "{F34F1A73-1EDC-4C52-8ADA-7C2E292CAF2C}"
EndProject
Project("{FAE04EC0-301F-11D3-BF4B-00C04F79EFBC}") = "DemoApi.Tests", "DemoApi.Tests\DemoApi.Tests.csproj", "{3CD8A526-7CE8-4EA4-AD56-36AC67557DF0}"
EndProject
Project("{2150E333-8FDC-42A3-9474-1A3956D46DE8}") = "Build", "Build", "{CD087751-9204-4316-9C85-E22EC8EC2C37}"
EndProject
Project("{FAE04EC0-301F-11D3-BF4B-00C04F79EFBC}") = "Build", "Build\Build.csproj", "{A9825C1B-04B9-4347-9FD6-DA384A49C912}"
EndProject
Project("{FAE04EC0-301F-11D3-BF4B-00C04F79EFBC}") = "Infrastructure", "Infrastructure\Infrastructure.csproj", "{DD182158-B018-49C3-894B-3F3DB692D78D}"
EndProject
Global
	GlobalSection(SolutionConfigurationPlatforms) = preSolution
		Cert|Any CPU = Cert|Any CPU
		Cert|x64 = Cert|x64
		Debug|Any CPU = Debug|Any CPU
		Debug|x64 = Debug|x64
		Lab|Any CPU = Lab|Any CPU
		Lab|x64 = Lab|x64
		Prod|Any CPU = Prod|Any CPU
		Prod|x64 = Prod|x64
		Release|Any CPU = Release|Any CPU
		Release|x64 = Release|x64
	EndGlobalSection
	GlobalSection(ProjectConfigurationPlatforms) = postSolution
		{F34F1A73-1EDC-4C52-8ADA-7C2E292CAF2C}.Cert|Any CPU.ActiveCfg = Cert|Any CPU
		{F34F1A73-1EDC-4C52-8ADA-7C2E292CAF2C}.Cert|Any CPU.Build.0 = Cert|Any CPU
		{F34F1A73-1EDC-4C52-8ADA-7C2E292CAF2C}.Cert|x64.ActiveCfg = Cert|x64
		{F34F1A73-1EDC-4C52-8ADA-7C2E292CAF2C}.Cert|x64.Build.0 = Cert|x64
		{F34F1A73-1EDC-4C52-8ADA-7C2E292CAF2C}.Debug|Any CPU.ActiveCfg = Debug|Any CPU
		{F34F1A73-1EDC-4C52-8ADA-7C2E292CAF2C}.Debug|Any CPU.Build.0 = Debug|Any CPU
		{F34F1A73-1EDC-4C52-8ADA-7C2E292CAF2C}.Debug|x64.ActiveCfg = Debug|x64
		{F34F1A73-1EDC-4C52-8ADA-7C2E292CAF2C}.Debug|x64.Build.0 = Debug|x64
		{F34F1A73-1EDC-4C52-8ADA-7C2E292CAF2C}.Lab|Any CPU.ActiveCfg = Lab|Any CPU
		{F34F1A73-1EDC-4C52-8ADA-7C2E292CAF2C}.Lab|Any CPU.Build.0 = Lab|Any CPU
		{F34F1A73-1EDC-4C52-8ADA-7C2E292CAF2C}.Lab|x64.ActiveCfg = Lab|x64
		{F34F1A73-1EDC-4C52-8ADA-7C2E292CAF2C}.Lab|x64.Build.0 = Lab|x64
		{F34F1A73-1EDC-4C52-8ADA-7C2E292CAF2C}.Prod|Any CPU.ActiveCfg = Prod|Any CPU
		{F34F1A73-1EDC-4C52-8ADA-7C2E292CAF2C}.Prod|Any CPU.Build.0 = Prod|Any CPU
		{F34F1A73-1EDC-4C52-8ADA-7C2E292CAF2C}.Prod|x64.ActiveCfg = Prod|x64
		{F34F1A73-1EDC-4C52-8ADA-7C2E292CAF2C}.Prod|x64.Build.0 = Prod|x64
		{F34F1A73-1EDC-4C52-8ADA-7C2E292CAF2C}.Release|Any CPU.ActiveCfg = Release|Any CPU
		{F34F1A73-1EDC-4C52-8ADA-7C2E292CAF2C}.Release|Any CPU.Build.0 = Release|Any CPU
		{F34F1A73-1EDC-4C52-8ADA-7C2E292CAF2C}.Release|x64.ActiveCfg = Release|x64
		{F34F1A73-1EDC-4C52-8ADA-7C2E292CAF2C}.Release|x64.Build.0 = Release|x64
		{3CD8A526-7CE8-4EA4-AD56-36AC67557DF0}.Cert|Any CPU.ActiveCfg = Cert|Any CPU
		{3CD8A526-7CE8-4EA4-AD56-36AC67557DF0}.Cert|Any CPU.Build.0 = Cert|Any CPU
		{3CD8A526-7CE8-4EA4-AD56-36AC67557DF0}.Cert|x64.ActiveCfg = Cert|x64
		{3CD8A526-7CE8-4EA4-AD56-36AC67557DF0}.Cert|x64.Build.0 = Cert|x64
		{3CD8A526-7CE8-4EA4-AD56-36AC67557DF0}.Debug|Any CPU.ActiveCfg = Debug|Any CPU
		{3CD8A526-7CE8-4EA4-AD56-36AC67557DF0}.Debug|Any CPU.Build.0 = Debug|Any CPU
		{3CD8A526-7CE8-4EA4-AD56-36AC67557DF0}.Debug|x64.ActiveCfg = Debug|x64
		{3CD8A526-7CE8-4EA4-AD56-36AC67557DF0}.Debug|x64.Build.0 = Debug|x64
		{3CD8A526-7CE8-4EA4-AD56-36AC67557DF0}.Lab|Any CPU.ActiveCfg = Lab|Any CPU
		{3CD8A526-7CE8-4EA4-AD56-36AC67557DF0}.Lab|Any CPU.Build.0 = Lab|Any CPU
		{3CD8A526-7CE8-4EA4-AD56-36AC67557DF0}.Lab|x64.ActiveCfg = Lab|x64
		{3CD8A526-7CE8-4EA4-AD56-36AC67557DF0}.Lab|x64.Build.0 = Lab|x64
		{3CD8A526-7CE8-4EA4-AD56-36AC67557DF0}.Prod|Any CPU.ActiveCfg = Prod|Any CPU
		{3CD8A526-7CE8-4EA4-AD56-36AC67557DF0}.Prod|Any CPU.Build.0 = Prod|Any CPU
		{3CD8A526-7CE8-4EA4-AD56-36AC67557DF0}.Prod|x64.ActiveCfg = Prod|x64
		{3CD8A526-7CE8-4EA4-AD56-36AC67557DF0}.Prod|x64.Build.0 = Prod|x64
		{3CD8A526-7CE8-4EA4-AD56-36AC67557DF0}.Release|Any CPU.ActiveCfg = Release|Any CPU
		{3CD8A526-7CE8-4EA4-AD56-36AC67557DF0}.Release|Any CPU.Build.0 = Release|Any CPU
		{3CD8A526-7CE8-4EA4-AD56-36AC67557DF0}.Release|x64.ActiveCfg = Release|x64
		{3CD8A526-7CE8-4EA4-AD56-36AC67557DF0}.Release|x64.Build.0 = Release|x64
		{A9825C1B-04B9-4347-9FD6-DA384A49C912}.Cert|Any CPU.ActiveCfg = Cert|Any CPU
		{A9825C1B-04B9-4347-9FD6-DA384A49C912}.Cert|Any CPU.Build.0 = Cert|Any CPU
		{A9825C1B-04B9-4347-9FD6-DA384A49C912}.Cert|x64.ActiveCfg = Cert|x64
		{A9825C1B-04B9-4347-9FD6-DA384A49C912}.Cert|x64.Build.0 = Cert|x64
		{A9825C1B-04B9-4347-9FD6-DA384A49C912}.Debug|Any CPU.ActiveCfg = Debug|Any CPU
		{A9825C1B-04B9-4347-9FD6-DA384A49C912}.Debug|Any CPU.Build.0 = Debug|Any CPU
		{A9825C1B-04B9-4347-9FD6-DA384A49C912}.Debug|x64.ActiveCfg = Debug|x64
		{A9825C1B-04B9-4347-9FD6-DA384A49C912}.Debug|x64.Build.0 = Debug|x64
		{A9825C1B-04B9-4347-9FD6-DA384A49C912}.Lab|Any CPU.ActiveCfg = Lab|Any CPU
		{A9825C1B-04B9-4347-9FD6-DA384A49C912}.Lab|Any CPU.Build.0 = Lab|Any CPU
		{A9825C1B-04B9-4347-9FD6-DA384A49C912}.Lab|x64.ActiveCfg = Lab|x64
		{A9825C1B-04B9-4347-9FD6-DA384A49C912}.Lab|x64.Build.0 = Lab|x64
		{A9825C1B-04B9-4347-9FD6-DA384A49C912}.Prod|Any CPU.ActiveCfg = Prod|Any CPU
		{A9825C1B-04B9-4347-9FD6-DA384A49C912}.Prod|Any CPU.Build.0 = Prod|Any CPU
		{A9825C1B-04B9-4347-9FD6-DA384A49C912}.Prod|x64.ActiveCfg = Prod|x64
		{A9825C1B-04B9-4347-9FD6-DA384A49C912}.Prod|x64.Build.0 = Prod|x64
		{A9825C1B-04B9-4347-9FD6-DA384A49C912}.Release|Any CPU.ActiveCfg = Release|Any CPU
		{A9825C1B-04B9-4347-9FD6-DA384A49C912}.Release|Any CPU.Build.0 = Release|Any CPU
		{A9825C1B-04B9-4347-9FD6-DA384A49C912}.Release|x64.ActiveCfg = Release|x64
		{A9825C1B-04B9-4347-9FD6-DA384A49C912}.Release|x64.Build.0 = Release|x64
		{DD182158-B018-49C3-894B-3F3DB692D78D}.Cert|Any CPU.ActiveCfg = Release|Any CPU
		{DD182158-B018-49C3-894B-3F3DB692D78D}.Cert|Any CPU.Build.0 = Release|Any CPU
		{DD182158-B018-49C3-894B-3F3DB692D78D}.Cert|x64.ActiveCfg = Release|Any CPU
		{DD182158-B018-49C3-894B-3F3DB692D78D}.Cert|x64.Build.0 = Release|Any CPU
		{DD182158-B018-49C3-894B-3F3DB692D78D}.Debug|Any CPU.ActiveCfg = Debug|Any CPU
		{DD182158-B018-49C3-894B-3F3DB692D78D}.Debug|Any CPU.Build.0 = Debug|Any CPU
		{DD182158-B018-49C3-894B-3F3DB692D78D}.Debug|x64.ActiveCfg = Debug|Any CPU
		{DD182158-B018-49C3-894B-3F3DB692D78D}.Debug|x64.Build.0 = Debug|Any CPU
		{DD182158-B018-49C3-894B-3F3DB692D78D}.Lab|Any CPU.ActiveCfg = Release|Any CPU
		{DD182158-B018-49C3-894B-3F3DB692D78D}.Lab|Any CPU.Build.0 = Release|Any CPU
		{DD182158-B018-49C3-894B-3F3DB692D78D}.Lab|x64.ActiveCfg = Lab|x64
		{DD182158-B018-49C3-894B-3F3DB692D78D}.Lab|x64.Build.0 = Lab|x64
		{DD182158-B018-49C3-894B-3F3DB692D78D}.Prod|Any CPU.ActiveCfg = Release|Any CPU
		{DD182158-B018-49C3-894B-3F3DB692D78D}.Prod|Any CPU.Build.0 = Release|Any CPU
		{DD182158-B018-49C3-894B-3F3DB692D78D}.Prod|x64.ActiveCfg = Release|Any CPU
		{DD182158-B018-49C3-894B-3F3DB692D78D}.Prod|x64.Build.0 = Release|Any CPU
		{DD182158-B018-49C3-894B-3F3DB692D78D}.Release|Any CPU.ActiveCfg = Release|Any CPU
		{DD182158-B018-49C3-894B-3F3DB692D78D}.Release|Any CPU.Build.0 = Release|Any CPU
		{DD182158-B018-49C3-894B-3F3DB692D78D}.Release|x64.ActiveCfg = Release|Any CPU
		{DD182158-B018-49C3-894B-3F3DB692D78D}.Release|x64.Build.0 = Release|Any CPU
	EndGlobalSection
	GlobalSection(SolutionProperties) = preSolution
		HideSolutionNode = FALSE
	EndGlobalSection
	GlobalSection(NestedProjects) = preSolution
		{A9825C1B-04B9-4347-9FD6-DA384A49C912} = {CD087751-9204-4316-9C85-E22EC8EC2C37}
	EndGlobalSection
	GlobalSection(ExtensibilityGlobals) = postSolution
		SolutionGuid = {B19F6D07-46B0-4897-AEAF-AE0634ED369C}
	EndGlobalSection
EndGlobal
